
Microsoft Visual Studio Solution File, Format Version 12.00
# Visual Studio 15
VisualStudioVersion = 15.0.26124.0
MinimumVisualStudioVersion = 15.0.26124.0
Project("{2150E333-8FDC-42A3-9474-1A3956D46DE8}") = "src", "src", "{E0D5EDEB-4B79-46FA-B776-1C98818EFFF0}"
EndProject
Project("{F2A71F9B-5D33-465A-A702-920D77279786}") = "f8s", "src\f8s\f8s.fsproj", "{9C4A4858-0A78-4B3F-998D-50F20D583618}"
EndProject
Project("{2150E333-8FDC-42A3-9474-1A3956D46DE8}") = "examples", "examples", "{D22C9DFA-514C-4B1A-8087-06B8AE544E22}"
EndProject
Project("{F2A71F9B-5D33-465A-A702-920D77279786}") = "nginx-pod", "examples\nginx-pod\nginx-pod.fsproj", "{35C2E1FA-A1F4-45E7-891C-F0976B558B60}"
EndProject
Project("{F2A71F9B-5D33-465A-A702-920D77279786}") = "jobs", "examples\jobs\jobs.fsproj", "{8C4D448C-080B-4ABB-8882-F415CEAECA74}"
EndProject
Project("{2150E333-8FDC-42A3-9474-1A3956D46DE8}") = "tests", "tests", "{BB1DC84D-9876-4A15-9789-25D3989A5D5D}"
EndProject
Project("{F2A71F9B-5D33-465A-A702-920D77279786}") = "f8s.tests", "tests\f8s.tests\f8s.tests.fsproj", "{CEEB38FD-B859-4C88-84C5-917427E2AFE0}"
EndProject
Global
	GlobalSection(SolutionConfigurationPlatforms) = preSolution
		Debug|Any CPU = Debug|Any CPU
		Debug|x64 = Debug|x64
		Debug|x86 = Debug|x86
		Release|Any CPU = Release|Any CPU
		Release|x64 = Release|x64
		Release|x86 = Release|x86
	EndGlobalSection
	GlobalSection(SolutionProperties) = preSolution
		HideSolutionNode = FALSE
	EndGlobalSection
	GlobalSection(ProjectConfigurationPlatforms) = postSolution
		{9C4A4858-0A78-4B3F-998D-50F20D583618}.Debug|Any CPU.ActiveCfg = Debug|Any CPU
		{9C4A4858-0A78-4B3F-998D-50F20D583618}.Debug|Any CPU.Build.0 = Debug|Any CPU
		{9C4A4858-0A78-4B3F-998D-50F20D583618}.Debug|x64.ActiveCfg = Debug|Any CPU
		{9C4A4858-0A78-4B3F-998D-50F20D583618}.Debug|x64.Build.0 = Debug|Any CPU
		{9C4A4858-0A78-4B3F-998D-50F20D583618}.Debug|x86.ActiveCfg = Debug|Any CPU
		{9C4A4858-0A78-4B3F-998D-50F20D583618}.Debug|x86.Build.0 = Debug|Any CPU
		{9C4A4858-0A78-4B3F-998D-50F20D583618}.Release|Any CPU.ActiveCfg = Release|Any CPU
		{9C4A4858-0A78-4B3F-998D-50F20D583618}.Release|Any CPU.Build.0 = Release|Any CPU
		{9C4A4858-0A78-4B3F-998D-50F20D583618}.Release|x64.ActiveCfg = Release|Any CPU
		{9C4A4858-0A78-4B3F-998D-50F20D583618}.Release|x64.Build.0 = Release|Any CPU
		{9C4A4858-0A78-4B3F-998D-50F20D583618}.Release|x86.ActiveCfg = Release|Any CPU
		{9C4A4858-0A78-4B3F-998D-50F20D583618}.Release|x86.Build.0 = Release|Any CPU
		{35C2E1FA-A1F4-45E7-891C-F0976B558B60}.Debug|Any CPU.ActiveCfg = Debug|Any CPU
		{35C2E1FA-A1F4-45E7-891C-F0976B558B60}.Debug|Any CPU.Build.0 = Debug|Any CPU
		{35C2E1FA-A1F4-45E7-891C-F0976B558B60}.Debug|x64.ActiveCfg = Debug|Any CPU
		{35C2E1FA-A1F4-45E7-891C-F0976B558B60}.Debug|x64.Build.0 = Debug|Any CPU
		{35C2E1FA-A1F4-45E7-891C-F0976B558B60}.Debug|x86.ActiveCfg = Debug|Any CPU
		{35C2E1FA-A1F4-45E7-891C-F0976B558B60}.Debug|x86.Build.0 = Debug|Any CPU
		{35C2E1FA-A1F4-45E7-891C-F0976B558B60}.Release|Any CPU.ActiveCfg = Release|Any CPU
		{35C2E1FA-A1F4-45E7-891C-F0976B558B60}.Release|Any CPU.Build.0 = Release|Any CPU
		{35C2E1FA-A1F4-45E7-891C-F0976B558B60}.Release|x64.ActiveCfg = Release|Any CPU
		{35C2E1FA-A1F4-45E7-891C-F0976B558B60}.Release|x64.Build.0 = Release|Any CPU
		{35C2E1FA-A1F4-45E7-891C-F0976B558B60}.Release|x86.ActiveCfg = Release|Any CPU
		{35C2E1FA-A1F4-45E7-891C-F0976B558B60}.Release|x86.Build.0 = Release|Any CPU
		{8C4D448C-080B-4ABB-8882-F415CEAECA74}.Debug|Any CPU.ActiveCfg = Debug|Any CPU
		{8C4D448C-080B-4ABB-8882-F415CEAECA74}.Debug|Any CPU.Build.0 = Debug|Any CPU
		{8C4D448C-080B-4ABB-8882-F415CEAECA74}.Debug|x64.ActiveCfg = Debug|Any CPU
		{8C4D448C-080B-4ABB-8882-F415CEAECA74}.Debug|x64.Build.0 = Debug|Any CPU
		{8C4D448C-080B-4ABB-8882-F415CEAECA74}.Debug|x86.ActiveCfg = Debug|Any CPU
		{8C4D448C-080B-4ABB-8882-F415CEAECA74}.Debug|x86.Build.0 = Debug|Any CPU
		{8C4D448C-080B-4ABB-8882-F415CEAECA74}.Release|Any CPU.ActiveCfg = Release|Any CPU
		{8C4D448C-080B-4ABB-8882-F415CEAECA74}.Release|Any CPU.Build.0 = Release|Any CPU
		{8C4D448C-080B-4ABB-8882-F415CEAECA74}.Release|x64.ActiveCfg = Release|Any CPU
		{8C4D448C-080B-4ABB-8882-F415CEAECA74}.Release|x64.Build.0 = Release|Any CPU
		{8C4D448C-080B-4ABB-8882-F415CEAECA74}.Release|x86.ActiveCfg = Release|Any CPU
		{8C4D448C-080B-4ABB-8882-F415CEAECA74}.Release|x86.Build.0 = Release|Any CPU
		{CEEB38FD-B859-4C88-84C5-917427E2AFE0}.Debug|Any CPU.ActiveCfg = Debug|Any CPU
		{CEEB38FD-B859-4C88-84C5-917427E2AFE0}.Debug|Any CPU.Build.0 = Debug|Any CPU
		{CEEB38FD-B859-4C88-84C5-917427E2AFE0}.Debug|x64.ActiveCfg = Debug|Any CPU
		{CEEB38FD-B859-4C88-84C5-917427E2AFE0}.Debug|x64.Build.0 = Debug|Any CPU
		{CEEB38FD-B859-4C88-84C5-917427E2AFE0}.Debug|x86.ActiveCfg = Debug|Any CPU
		{CEEB38FD-B859-4C88-84C5-917427E2AFE0}.Debug|x86.Build.0 = Debug|Any CPU
		{CEEB38FD-B859-4C88-84C5-917427E2AFE0}.Release|Any CPU.ActiveCfg = Release|Any CPU
		{CEEB38FD-B859-4C88-84C5-917427E2AFE0}.Release|Any CPU.Build.0 = Release|Any CPU
		{CEEB38FD-B859-4C88-84C5-917427E2AFE0}.Release|x64.ActiveCfg = Release|Any CPU
		{CEEB38FD-B859-4C88-84C5-917427E2AFE0}.Release|x64.Build.0 = Release|Any CPU
		{CEEB38FD-B859-4C88-84C5-917427E2AFE0}.Release|x86.ActiveCfg = Release|Any CPU
		{CEEB38FD-B859-4C88-84C5-917427E2AFE0}.Release|x86.Build.0 = Release|Any CPU
	EndGlobalSection
	GlobalSection(NestedProjects) = preSolution
		{9C4A4858-0A78-4B3F-998D-50F20D583618} = {E0D5EDEB-4B79-46FA-B776-1C98818EFFF0}
		{35C2E1FA-A1F4-45E7-891C-F0976B558B60} = {D22C9DFA-514C-4B1A-8087-06B8AE544E22}
		{8C4D448C-080B-4ABB-8882-F415CEAECA74} = {D22C9DFA-514C-4B1A-8087-06B8AE544E22}
		{CEEB38FD-B859-4C88-84C5-917427E2AFE0} = {BB1DC84D-9876-4A15-9789-25D3989A5D5D}
	EndGlobalSection
EndGlobal
